
Microsoft Visual Studio Solution File, Format Version 12.00
Project("{FAE04EC0-301F-11D3-BF4B-00C04F79EFBC}") = "bridge", "bridge\bridge.csproj", "{074A7647-0BAB-4BEA-8DAB-A8F3E5C4149F}"
EndProject
Global
	GlobalSection(SolutionConfigurationPlatforms) = preSolution
		Debug|Any CPU = Debug|Any CPU
		Release|Any CPU = Release|Any CPU
	EndGlobalSection
	GlobalSection(ProjectConfigurationPlatforms) = postSolution
		{074A7647-0BAB-4BEA-8DAB-A8F3E5C4149F}.Debug|Any CPU.ActiveCfg = Debug|Any CPU
		{074A7647-0BAB-4BEA-8DAB-A8F3E5C4149F}.Debug|Any CPU.Build.0 = Debug|Any CPU
		{074A7647-0BAB-4BEA-8DAB-A8F3E5C4149F}.Release|Any CPU.ActiveCfg = Release|Any CPU
		{074A7647-0BAB-4BEA-8DAB-A8F3E5C4149F}.Release|Any CPU.Build.0 = Release|Any CPU
	EndGlobalSection
EndGlobal
