
Microsoft Visual Studio Solution File, Format Version 12.00
Project("{FAE04EC0-301F-11D3-BF4B-00C04F79EFBC}") = "proxy", "proxy\proxy.csproj", "{7A5E614F-CDE9-4FD3-888C-09553CB06D8E}"
EndProject
Global
	GlobalSection(SolutionConfigurationPlatforms) = preSolution
		Debug|Any CPU = Debug|Any CPU
		Release|Any CPU = Release|Any CPU
	EndGlobalSection
	GlobalSection(ProjectConfigurationPlatforms) = postSolution
		{7A5E614F-CDE9-4FD3-888C-09553CB06D8E}.Debug|Any CPU.ActiveCfg = Debug|Any CPU
		{7A5E614F-CDE9-4FD3-888C-09553CB06D8E}.Debug|Any CPU.Build.0 = Debug|Any CPU
		{7A5E614F-CDE9-4FD3-888C-09553CB06D8E}.Release|Any CPU.ActiveCfg = Release|Any CPU
		{7A5E614F-CDE9-4FD3-888C-09553CB06D8E}.Release|Any CPU.Build.0 = Release|Any CPU
	EndGlobalSection
EndGlobal
